
Microsoft Visual Studio Solution File, Format Version 12.00
# Visual Studio 2012
Project("{FAE04EC0-301F-11D3-BF4B-00C04F79EFBC}") = "BetSoftware_Framework", "BetSoftware_Framework.csproj", "{2053F05F-FD39-422B-8770-E28F9BBD316D}"
EndProject
Global
	GlobalSection(SolutionConfigurationPlatforms) = preSolution
		Debug|x86 = Debug|x86
		Release|x86 = Release|x86
	EndGlobalSection
	GlobalSection(ProjectConfigurationPlatforms) = postSolution
		{2053F05F-FD39-422B-8770-E28F9BBD316D}.Debug|x86.ActiveCfg = Debug|x86
		{2053F05F-FD39-422B-8770-E28F9BBD316D}.Debug|x86.Build.0 = Debug|x86
		{2053F05F-FD39-422B-8770-E28F9BBD316D}.Release|x86.ActiveCfg = Release|x86
		{2053F05F-FD39-422B-8770-E28F9BBD316D}.Release|x86.Build.0 = Release|x86
	EndGlobalSection
	GlobalSection(MonoDevelopProperties) = preSolution
		StartupItem = BetSoftware_Framework.csproj
	EndGlobalSection
EndGlobal
